
Microsoft Visual Studio Solution File, Format Version 12.00
# Visual Studio Version 16
VisualStudioVersion = 16.0.31515.178
MinimumVisualStudioVersion = 10.0.40219.1
Project("{9A19103F-16F7-4668-BE54-9A1E7A4F7556}") = "WpfLogcat", "WpfLogcat\WpfLogcat.csproj", "{E338EA19-6CD8-470B-B04D-7A54919CB18C}"
EndProject
Project("{2150E333-8FDC-42A3-9474-1A3956D46DE8}") = "Solution Items", "Solution Items", "{831EE0FE-9820-4A2C-85F8-741C4EB626C1}"
	ProjectSection(SolutionItems) = preProject
		README.md = README.md
	EndProjectSection
EndProject
Global
	GlobalSection(SolutionConfigurationPlatforms) = preSolution
		Debug|Any CPU = Debug|Any CPU
		Release|Any CPU = Release|Any CPU
	EndGlobalSection
	GlobalSection(ProjectConfigurationPlatforms) = postSolution
		{E338EA19-6CD8-470B-B04D-7A54919CB18C}.Debug|Any CPU.ActiveCfg = Debug|Any CPU
		{E338EA19-6CD8-470B-B04D-7A54919CB18C}.Debug|Any CPU.Build.0 = Debug|Any CPU
		{E338EA19-6CD8-470B-B04D-7A54919CB18C}.Release|Any CPU.ActiveCfg = Release|Any CPU
		{E338EA19-6CD8-470B-B04D-7A54919CB18C}.Release|Any CPU.Build.0 = Release|Any CPU
	EndGlobalSection
	GlobalSection(SolutionProperties) = preSolution
		HideSolutionNode = FALSE
	EndGlobalSection
	GlobalSection(ExtensibilityGlobals) = postSolution
		SolutionGuid = {663EA43E-03EC-438A-AB65-6B0686D22071}
	EndGlobalSection
EndGlobal
